Microsoft Visual Studio Solution File, Format Version 12.00
# Visual Studio Version 17
VisualStudioVersion = 17.5.2.0
MinimumVisualStudioVersion = 10.0.40219.1
Project("{FAE04EC0-301F-11D3-BF4B-00C04F79EFBC}") = "BibliotecaMVC", "BibliotecaMVC.csproj", "{92B7017A-C797-42AC-74E3-12B2C6664F7D}"
EndProject
Global
	GlobalSection(SolutionConfigurationPlatforms) = preSolution
		Debug|Any CPU = Debug|Any CPU
		Release|Any CPU = Release|Any CPU
	EndGlobalSection
	GlobalSection(ProjectConfigurationPlatforms) = postSolution
		{92B7017A-C797-42AC-74E3-12B2C6664F7D}.Debug|Any CPU.ActiveCfg = Debug|Any CPU
		{92B7017A-C797-42AC-74E3-12B2C6664F7D}.Debug|Any CPU.Build.0 = Debug|Any CPU
		{92B7017A-C797-42AC-74E3-12B2C6664F7D}.Release|Any CPU.ActiveCfg = Release|Any CPU
		{92B7017A-C797-42AC-74E3-12B2C6664F7D}.Release|Any CPU.Build.0 = Release|Any CPU
	EndGlobalSection
	GlobalSection(SolutionProperties) = preSolution
		HideSolutionNode = FALSE
	EndGlobalSection
	GlobalSection(ExtensibilityGlobals) = postSolution
		SolutionGuid = {FB35792D-CB9A-44D6-B4B6-B28BF9A0F837}
	EndGlobalSection
EndGlobal
